
Microsoft Visual Studio Solution File, Format Version 12.00
# Visual Studio Version 16
VisualStudioVersion = 16.0.34729.46
MinimumVisualStudioVersion = 10.0.40219.1
Project("{FAE04EC0-301F-11D3-BF4B-00C04F79EFBC}") = "CargarVector2", "CargarVector2\CargarVector2.csproj", "{3C89A71A-3A8B-4621-81D2-9DC910EC1A78}"
EndProject
Global
	GlobalSection(SolutionConfigurationPlatforms) = preSolution
		Debug|Any CPU = Debug|Any CPU
		Release|Any CPU = Release|Any CPU
	EndGlobalSection
	GlobalSection(ProjectConfigurationPlatforms) = postSolution
		{3C89A71A-3A8B-4621-81D2-9DC910EC1A78}.Debug|Any CPU.ActiveCfg = Debug|Any CPU
		{3C89A71A-3A8B-4621-81D2-9DC910EC1A78}.Debug|Any CPU.Build.0 = Debug|Any CPU
		{3C89A71A-3A8B-4621-81D2-9DC910EC1A78}.Release|Any CPU.ActiveCfg = Release|Any CPU
		{3C89A71A-3A8B-4621-81D2-9DC910EC1A78}.Release|Any CPU.Build.0 = Release|Any CPU
	EndGlobalSection
	GlobalSection(SolutionProperties) = preSolution
		HideSolutionNode = FALSE
	EndGlobalSection
	GlobalSection(ExtensibilityGlobals) = postSolution
		SolutionGuid = {EEA315D5-9736-48E0-967C-8FE83D08173F}
	EndGlobalSection
EndGlobal
